
Microsoft Visual Studio Solution File, Format Version 12.00
# Visual Studio Version 17
VisualStudioVersion = 17.8.34330.188
MinimumVisualStudioVersion = 10.0.40219.1
Project("{2150E333-8FDC-42A3-9474-1A3956D46DE8}") = "Library", "Library", "{31CF768E-B08B-4086-AFD2-C29A2624820F}"
EndProject
Project("{9A19103F-16F7-4668-BE54-9A1E7A4F7556}") = "LibraryWeb", "LibraryWeb\LibraryWeb.csproj", "{8BA84973-32D3-4E7D-B8A2-691ADB08EF6A}"
EndProject
Project("{9A19103F-16F7-4668-BE54-9A1E7A4F7556}") = "LibraryDomain", "LibraryDomain\LibraryDomain.csproj", "{40A12611-4A55-4854-9312-BBF0737BD8AC}"
EndProject
Project("{FAE04EC0-301F-11D3-BF4B-00C04F79EFBC}") = "LibraryRepository", "LibraryRepository\LibraryRepository.csproj", "{FE2BB0C3-2FFD-4DB4-B909-5C190CFB469D}"
EndProject
Project("{FAE04EC0-301F-11D3-BF4B-00C04F79EFBC}") = "LibraryService", "LibraryService\LibraryService.csproj", "{17743FA2-48A8-4966-9E1F-1ABBFD0AE51F}"
EndProject
Global
	GlobalSection(SolutionConfigurationPlatforms) = preSolution
		Debug|Any CPU = Debug|Any CPU
		Release|Any CPU = Release|Any CPU
	EndGlobalSection
	GlobalSection(ProjectConfigurationPlatforms) = postSolution
		{8BA84973-32D3-4E7D-B8A2-691ADB08EF6A}.Debug|Any CPU.ActiveCfg = Debug|Any CPU
		{8BA84973-32D3-4E7D-B8A2-691ADB08EF6A}.Debug|Any CPU.Build.0 = Debug|Any CPU
		{8BA84973-32D3-4E7D-B8A2-691ADB08EF6A}.Release|Any CPU.ActiveCfg = Release|Any CPU
		{8BA84973-32D3-4E7D-B8A2-691ADB08EF6A}.Release|Any CPU.Build.0 = Release|Any CPU
		{40A12611-4A55-4854-9312-BBF0737BD8AC}.Debug|Any CPU.ActiveCfg = Debug|Any CPU
		{40A12611-4A55-4854-9312-BBF0737BD8AC}.Debug|Any CPU.Build.0 = Debug|Any CPU
		{40A12611-4A55-4854-9312-BBF0737BD8AC}.Release|Any CPU.ActiveCfg = Release|Any CPU
		{40A12611-4A55-4854-9312-BBF0737BD8AC}.Release|Any CPU.Build.0 = Release|Any CPU
		{FE2BB0C3-2FFD-4DB4-B909-5C190CFB469D}.Debug|Any CPU.ActiveCfg = Debug|Any CPU
		{FE2BB0C3-2FFD-4DB4-B909-5C190CFB469D}.Debug|Any CPU.Build.0 = Debug|Any CPU
		{FE2BB0C3-2FFD-4DB4-B909-5C190CFB469D}.Release|Any CPU.ActiveCfg = Release|Any CPU
		{FE2BB0C3-2FFD-4DB4-B909-5C190CFB469D}.Release|Any CPU.Build.0 = Release|Any CPU
		{17743FA2-48A8-4966-9E1F-1ABBFD0AE51F}.Debug|Any CPU.ActiveCfg = Debug|Any CPU
		{17743FA2-48A8-4966-9E1F-1ABBFD0AE51F}.Debug|Any CPU.Build.0 = Debug|Any CPU
		{17743FA2-48A8-4966-9E1F-1ABBFD0AE51F}.Release|Any CPU.ActiveCfg = Release|Any CPU
		{17743FA2-48A8-4966-9E1F-1ABBFD0AE51F}.Release|Any CPU.Build.0 = Release|Any CPU
	EndGlobalSection
	GlobalSection(SolutionProperties) = preSolution
		HideSolutionNode = FALSE
	EndGlobalSection
	GlobalSection(NestedProjects) = preSolution
		{8BA84973-32D3-4E7D-B8A2-691ADB08EF6A} = {31CF768E-B08B-4086-AFD2-C29A2624820F}
		{40A12611-4A55-4854-9312-BBF0737BD8AC} = {31CF768E-B08B-4086-AFD2-C29A2624820F}
		{FE2BB0C3-2FFD-4DB4-B909-5C190CFB469D} = {31CF768E-B08B-4086-AFD2-C29A2624820F}
		{17743FA2-48A8-4966-9E1F-1ABBFD0AE51F} = {31CF768E-B08B-4086-AFD2-C29A2624820F}
	EndGlobalSection
	GlobalSection(ExtensibilityGlobals) = postSolution
		SolutionGuid = {ED6061A6-6340-4AD2-BB00-952689D1938F}
	EndGlobalSection
EndGlobal
